// !$*UTF8*$!
{
	archiveVersion = 1;
	classes = {
	};
	objectVersion = 46;
	objects = {

/* Begin PBXBuildFile section */
		063EB9EE1D1A579500DEED77 /* FINPaperViewController.swift in Sources */ = {isa = PBXBuildFile; fileRef = 063EB9ED1D1A579500DEED77 /* FINPaperViewController.swift */; };
		063EB9F01D1A5A6900DEED77 /* FINRotationView.swift in Sources */ = {isa = PBXBuildFile; fileRef = 063EB9EF1D1A5A6900DEED77 /* FINRotationView.swift */; };
		0659216E1D1A5197002BBDE6 /* AppDelegate.swift in Sources */ = {isa = PBXBuildFile; fileRef = 0659216D1D1A5197002BBDE6 /* AppDelegate.swift */; };
		065921701D1A5197002BBDE6 /* ViewController.swift in Sources */ = {isa = PBXBuildFile; fileRef = 0659216F1D1A5197002BBDE6 /* ViewController.swift */; };
		065921751D1A5197002BBDE6 /* Assets.xcassets in Resources */ = {isa = PBXBuildFile; fileRef = 065921741D1A5197002BBDE6 /* Assets.xcassets */; };
		065921781D1A5197002BBDE6 /* LaunchScreen.storyboard in Resources */ = {isa = PBXBuildFile; fileRef = 065921761D1A5197002BBDE6 /* LaunchScreen.storyboard */; };
		06FE1CF01D2A03F30030C60D /* Facebook.jpg in Resources */ = {isa = PBXBuildFile; fileRef = 06FE1CDB1D2A03F30030C60D /* Facebook.jpg */; };
		06FE1CF11D2A03F30030C60D /* SectionCoverBusiness@2x.jpg in Resources */ = {isa = PBXBuildFile; fileRef = 06FE1CDC1D2A03F30030C60D /* SectionCoverBusiness@2x.jpg */; };
		06FE1CF21D2A03F30030C60D /* SectionCoverCute@2x.jpg in Resources */ = {isa = PBXBuildFile; fileRef = 06FE1CDD1D2A03F30030C60D /* SectionCoverCute@2x.jpg */; };
		06FE1CF31D2A03F30030C60D /* SectionCoverDesign@2x.jpg in Resources */ = {isa = PBXBuildFile; fileRef = 06FE1CDE1D2A03F30030C60D /* SectionCoverDesign@2x.jpg */; };
		06FE1CF41D2A03F30030C60D /* SectionCoverEntertainment@2x.jpg in Resources */ = {isa = PBXBuildFile; fileRef = 06FE1CDF1D2A03F30030C60D /* SectionCoverEntertainment@2x.jpg */; };
		06FE1CF51D2A03F30030C60D /* SectionCoverFamily@2x.jpg in Resources */ = {isa = PBXBuildFile; fileRef = 06FE1CE01D2A03F30030C60D /* SectionCoverFamily@2x.jpg */; };
		06FE1CF61D2A03F30030C60D /* SectionCoverFeminist@2x.jpg in Resources */ = {isa = PBXBuildFile; fileRef = 06FE1CE11D2A03F30030C60D /* SectionCoverFeminist@2x.jpg */; };
		06FE1CF71D2A03F30030C60D /* SectionCoverFoodie@2x.jpg in Resources */ = {isa = PBXBuildFile; fileRef = 06FE1CE21D2A03F30030C60D /* SectionCoverFoodie@2x.jpg */; };
		06FE1CF81D2A03F30030C60D /* SectionCoverFunny@2x.jpg in Resources */ = {isa = PBXBuildFile; fileRef = 06FE1CE31D2A03F30030C60D /* SectionCoverFunny@2x.jpg */; };
		06FE1CF91D2A03F30030C60D /* SectionCoverGirls@2x.jpg in Resources */ = {isa = PBXBuildFile; fileRef = 06FE1CE41D2A03F30030C60D /* SectionCoverGirls@2x.jpg */; };
		06FE1CFA1D2A03F30030C60D /* SectionCoverHome@2x.jpg in Resources */ = {isa = PBXBuildFile; fileRef = 06FE1CE51D2A03F30030C60D /* SectionCoverHome@2x.jpg */; };
		06FE1CFB1D2A03F30030C60D /* SectionCoverIdeas@2x.jpg in Resources */ = {isa = PBXBuildFile; fileRef = 06FE1CE61D2A03F30030C60D /* SectionCoverIdeas@2x.jpg */; };
		06FE1CFC1D2A03F30030C60D /* SectionCoverLens@2x.jpg in Resources */ = {isa = PBXBuildFile; fileRef = 06FE1CE71D2A03F30030C60D /* SectionCoverLens@2x.jpg */; };
		06FE1CFD1D2A03F30030C60D /* SectionCoverLGBTQ@2x.jpg in Resources */ = {isa = PBXBuildFile; fileRef = 06FE1CE81D2A03F30030C60D /* SectionCoverLGBTQ@2x.jpg */; };
		06FE1CFE1D2A03F30030C60D /* SectionCoverNews@2x.jpg in Resources */ = {isa = PBXBuildFile; fileRef = 06FE1CE91D2A03F30030C60D /* SectionCoverNews@2x.jpg */; };
		06FE1CFF1D2A03F30030C60D /* SectionCoverScience@2x.jpg in Resources */ = {isa = PBXBuildFile; fileRef = 06FE1CEA1D2A03F30030C60D /* SectionCoverScience@2x.jpg */; };
		06FE1D001D2A03F30030C60D /* SectionCoverSports@2x.jpg in Resources */ = {isa = PBXBuildFile; fileRef = 06FE1CEB1D2A03F30030C60D /* SectionCoverSports@2x.jpg */; };
		06FE1D011D2A03F30030C60D /* SectionCoverStreet@2x.jpg in Resources */ = {isa = PBXBuildFile; fileRef = 06FE1CEC1D2A03F30030C60D /* SectionCoverStreet@2x.jpg */; };
		06FE1D021D2A03F30030C60D /* SectionCoverStyles@2x.jpg in Resources */ = {isa = PBXBuildFile; fileRef = 06FE1CED1D2A03F30030C60D /* SectionCoverStyles@2x.jpg */; };
		06FE1D031D2A03F30030C60D /* SectionCoverTechnology@2x.jpg in Resources */ = {isa = PBXBuildFile; fileRef = 06FE1CEE1D2A03F30030C60D /* SectionCoverTechnology@2x.jpg */; };
		06FE1D041D2A03F30030C60D /* SectionCoverTrending@2x.jpg in Resources */ = {isa = PBXBuildFile; fileRef = 06FE1CEF1D2A03F30030C60D /* SectionCoverTrending@2x.jpg */; };
		06FE1D061D2A1A000030C60D /* DefaultBackground@2x.png in Resources */ = {isa = PBXBuildFile; fileRef = 06FE1D051D2A1A000030C60D /* DefaultBackground@2x.png */; };
/* End PBXBuildFile section */

/* Begin PBXFileReference section */
		063EB9ED1D1A579500DEED77 /* FINPaperViewController.swift */ = {isa = PBXFileReference; fileEncoding = 4; lastKnownFileType = sourcecode.swift; path = FINPaperViewController.swift; sourceTree = "<group>"; };
		063EB9EF1D1A5A6900DEED77 /* FINRotationView.swift */ = {isa = PBXFileReference; fileEncoding = 4; lastKnownFileType = sourcecode.swift; path = FINRotationView.swift; sourceTree = "<group>"; };
		0659216A1D1A5197002BBDE6 /* FINPaperViewControllerExample.app */ = {isa = PBXFileReference; explicitFileType = wrapper.application; includeInIndex = 0; path = FINPaperViewControllerExample.app; sourceTree = BUILT_PRODUCTS_DIR; };
		0659216D1D1A5197002BBDE6 /* AppDelegate.swift */ = {isa = PBXFileReference; lastKnownFileType = sourcecode.swift; path = AppDelegate.swift; sourceTree = "<group>"; };
		0659216F1D1A5197002BBDE6 /* ViewController.swift */ = {isa = PBXFileReference; lastKnownFileType = sourcecode.swift; path = ViewController.swift; sourceTree = "<group>"; };
		065921741D1A5197002BBDE6 /* Assets.xcassets */ = {isa = PBXFileReference; lastKnownFileType = folder.assetcatalog; path = Assets.xcassets; sourceTree = "<group>"; };
		065921771D1A5197002BBDE6 /* Base */ = {isa = PBXFileReference; lastKnownFileType = file.storyboard; name = Base; path = Base.lproj/LaunchScreen.storyboard; sourceTree = "<group>"; };
		065921791D1A5197002BBDE6 /* Info.plist */ = {isa = PBXFileReference; lastKnownFileType = text.plist.xml; path = Info.plist; sourceTree = "<group>"; };
		06FE1CDB1D2A03F30030C60D /* Facebook.jpg */ = {isa = PBXFileReference; lastKnownFileType = image.jpeg; path = Facebook.jpg; sourceTree = "<group>"; };
		06FE1CDC1D2A03F30030C60D /* SectionCoverBusiness@2x.jpg */ = {isa = PBXFileReference; lastKnownFileType = image.jpeg; path = "SectionCoverBusiness@2x.jpg"; sourceTree = "<group>"; };
		06FE1CDD1D2A03F30030C60D /* SectionCoverCute@2x.jpg */ = {isa = PBXFileReference; lastKnownFileType = image.jpeg; path = "SectionCoverCute@2x.jpg"; sourceTree = "<group>"; };
		06FE1CDE1D2A03F30030C60D /* SectionCoverDesign@2x.jpg */ = {isa = PBXFileReference; lastKnownFileType = image.jpeg; path = "SectionCoverDesign@2x.jpg"; sourceTree = "<group>"; };
		06FE1CDF1D2A03F30030C60D /* SectionCoverEntertainment@2x.jpg */ = {isa = PBXFileReference; lastKnownFileType = image.jpeg; path = "SectionCoverEntertainment@2x.jpg"; sourceTree = "<group>"; };
		06FE1CE01D2A03F30030C60D /* SectionCoverFamily@2x.jpg */ = {isa = PBXFileReference; lastKnownFileType = image.jpeg; path = "SectionCoverFamily@2x.jpg"; sourceTree = "<group>"; };
		06FE1CE11D2A03F30030C60D /* SectionCoverFeminist@2x.jpg */ = {isa = PBXFileReference; lastKnownFileType = image.jpeg; path = "SectionCoverFeminist@2x.jpg"; sourceTree = "<group>"; };
		06FE1CE21D2A03F30030C60D /* SectionCoverFoodie@2x.jpg */ = {isa = PBXFileReference; lastKnownFileType = image.jpeg; path = "SectionCoverFoodie@2x.jpg"; sourceTree = "<group>"; };
		06FE1CE31D2A03F30030C60D /* SectionCoverFunny@2x.jpg */ = {isa = PBXFileReference; lastKnownFileType = image.jpeg; path = "SectionCoverFunny@2x.jpg"; sourceTree = "<group>"; };
		06FE1CE41D2A03F30030C60D /* SectionCoverGirls@2x.jpg */ = {isa = PBXFileReference; lastKnownFileType = image.jpeg; path = "SectionCoverGirls@2x.jpg"; sourceTree = "<group>"; };
		06FE1CE51D2A03F30030C60D /* SectionCoverHome@2x.jpg */ = {isa = PBXFileReference; lastKnownFileType = image.jpeg; path = "SectionCoverHome@2x.jpg"; sourceTree = "<group>"; };
		06FE1CE61D2A03F30030C60D /* SectionCoverIdeas@2x.jpg */ = {isa = PBXFileReference; lastKnownFileType = image.jpeg; path = "SectionCoverIdeas@2x.jpg"; sourceTree = "<group>"; };
		06FE1CE71D2A03F30030C60D /* SectionCoverLens@2x.jpg */ = {isa = PBXFileReference; lastKnownFileType = image.jpeg; path = "SectionCoverLens@2x.jpg"; sourceTree = "<group>"; };
		06FE1CE81D2A03F30030C60D /* SectionCoverLGBTQ@2x.jpg */ = {isa = PBXFileReference; lastKnownFileType = image.jpeg; path = "SectionCoverLGBTQ@2x.jpg"; sourceTree = "<group>"; };
		06FE1CE91D2A03F30030C60D /* SectionCoverNews@2x.jpg */ = {isa = PBXFileReference; lastKnownFileType = image.jpeg; path = "SectionCoverNews@2x.jpg"; sourceTree = "<group>"; };
		06FE1CEA1D2A03F30030C60D /* SectionCoverScience@2x.jpg */ = {isa = PBXFileReference; lastKnownFileType = image.jpeg; path = "SectionCoverScience@2x.jpg"; sourceTree = "<group>"; };
		06FE1CEB1D2A03F30030C60D /* SectionCoverSports@2x.jpg */ = {isa = PBXFileReference; lastKnownFileType = image.jpeg; path = "SectionCoverSports@2x.jpg"; sourceTree = "<group>"; };
		06FE1CEC1D2A03F30030C60D /* SectionCoverStreet@2x.jpg */ = {isa = PBXFileReference; lastKnownFileType = image.jpeg; path = "SectionCoverStreet@2x.jpg"; sourceTree = "<group>"; };
		06FE1CED1D2A03F30030C60D /* SectionCoverStyles@2x.jpg */ = {isa = PBXFileReference; lastKnownFileType = image.jpeg; path = "SectionCoverStyles@2x.jpg"; sourceTree = "<group>"; };
		06FE1CEE1D2A03F30030C60D /* SectionCoverTechnology@2x.jpg */ = {isa = PBXFileReference; lastKnownFileType = image.jpeg; path = "SectionCoverTechnology@2x.jpg"; sourceTree = "<group>"; };
		06FE1CEF1D2A03F30030C60D /* SectionCoverTrending@2x.jpg */ = {isa = PBXFileReference; lastKnownFileType = image.jpeg; path = "SectionCoverTrending@2x.jpg"; sourceTree = "<group>"; };
		06FE1D051D2A1A000030C60D /* DefaultBackground@2x.png */ = {isa = PBXFileReference; lastKnownFileType = image.png; path = "DefaultBackground@2x.png"; sourceTree = "<group>"; };
/* End PBXFileReference section */

/* Begin PBXFrameworksBuildPhase section */
		065921671D1A5197002BBDE6 /* Frameworks */ = {
			isa = PBXFrameworksBuildPhase;
			buildActionMask = 2147483647;
			files = (
			);
			runOnlyForDeploymentPostprocessing = 0;
		};
/* End PBXFrameworksBuildPhase section */

/* Begin PBXGroup section */
		060B3A3A1D1BEC6A00C474B3 /* Resources */ = {
			isa = PBXGroup;
			children = (
				06FE1D051D2A1A000030C60D /* DefaultBackground@2x.png */,
				06FE1CDB1D2A03F30030C60D /* Facebook.jpg */,
				06FE1CDC1D2A03F30030C60D /* SectionCoverBusiness@2x.jpg */,
				06FE1CDD1D2A03F30030C60D /* SectionCoverCute@2x.jpg */,
				06FE1CDE1D2A03F30030C60D /* SectionCoverDesign@2x.jpg */,
				06FE1CDF1D2A03F30030C60D /* SectionCoverEntertainment@2x.jpg */,
				06FE1CE01D2A03F30030C60D /* SectionCoverFamily@2x.jpg */,
				06FE1CE11D2A03F30030C60D /* SectionCoverFeminist@2x.jpg */,
				06FE1CE21D2A03F30030C60D /* SectionCoverFoodie@2x.jpg */,
				06FE1CE31D2A03F30030C60D /* SectionCoverFunny@2x.jpg */,
				06FE1CE41D2A03F30030C60D /* SectionCoverGirls@2x.jpg */,
				06FE1CE51D2A03F30030C60D /* SectionCoverHome@2x.jpg */,
				06FE1CE61D2A03F30030C60D /* SectionCoverIdeas@2x.jpg */,
				06FE1CE71D2A03F30030C60D /* SectionCoverLens@2x.jpg */,
				06FE1CE81D2A03F30030C60D /* SectionCoverLGBTQ@2x.jpg */,
				06FE1CE91D2A03F30030C60D /* SectionCoverNews@2x.jpg */,
				06FE1CEA1D2A03F30030C60D /* SectionCoverScience@2x.jpg */,
				06FE1CEB1D2A03F30030C60D /* SectionCoverSports@2x.jpg */,
				06FE1CEC1D2A03F30030C60D /* SectionCoverStreet@2x.jpg */,
				06FE1CED1D2A03F30030C60D /* SectionCoverStyles@2x.jpg */,
				06FE1CEE1D2A03F30030C60D /* SectionCoverTechnology@2x.jpg */,
				06FE1CEF1D2A03F30030C60D /* SectionCoverTrending@2x.jpg */,
			);
			path = Resources;
			sourceTree = "<group>";
		};
		063EB9EC1D1A539A00DEED77 /* FINPaperViewController */ = {
			isa = PBXGroup;
			children = (
				063EB9ED1D1A579500DEED77 /* FINPaperViewController.swift */,
				063EB9EF1D1A5A6900DEED77 /* FINRotationView.swift */,
			);
			path = FINPaperViewController;
			sourceTree = "<group>";
		};
		065921611D1A5197002BBDE6 = {
			isa = PBXGroup;
			children = (
				063EB9EC1D1A539A00DEED77 /* FINPaperViewController */,
				0659216C1D1A5197002BBDE6 /* FINPaperViewControllerExample */,
				0659216B1D1A5197002BBDE6 /* Products */,
			);
			sourceTree = "<group>";
		};
		0659216B1D1A5197002BBDE6 /* Products */ = {
			isa = PBXGroup;
			children = (
				0659216A1D1A5197002BBDE6 /* FINPaperViewControllerExample.app */,
			);
			name = Products;
			sourceTree = "<group>";
		};
		0659216C1D1A5197002BBDE6 /* FINPaperViewControllerExample */ = {
			isa = PBXGroup;
			children = (
				060B3A3A1D1BEC6A00C474B3 /* Resources */,
				0659216D1D1A5197002BBDE6 /* AppDelegate.swift */,
				0659216F1D1A5197002BBDE6 /* ViewController.swift */,
				065921741D1A5197002BBDE6 /* Assets.xcassets */,
				065921761D1A5197002BBDE6 /* LaunchScreen.storyboard */,
				065921791D1A5197002BBDE6 /* Info.plist */,
			);
			path = FINPaperViewControllerExample;
			sourceTree = "<group>";
		};
/* End PBXGroup section */

/* Begin PBXNativeTarget section */
		065921691D1A5197002BBDE6 /* FINPaperViewControllerExample */ = {
			isa = PBXNativeTarget;
			buildConfigurationList = 0659217C1D1A5197002BBDE6 /* Build configuration list for PBXNativeTarget "FINPaperViewControllerExample" */;
			buildPhases = (
				065921661D1A5197002BBDE6 /* Sources */,
				065921671D1A5197002BBDE6 /* Frameworks */,
				065921681D1A5197002BBDE6 /* Resources */,
			);
			buildRules = (
			);
			dependencies = (
			);
			name = FINPaperViewControllerExample;
			productName = FINPaperViewControllerExample;
			productReference = 0659216A1D1A5197002BBDE6 /* FINPaperViewControllerExample.app */;
			productType = "com.apple.product-type.application";
		};
/* End PBXNativeTarget section */

/* Begin PBXProject section */
		065921621D1A5197002BBDE6 /* Project object */ = {
			isa = PBXProject;
			attributes = {
				LastSwiftUpdateCheck = 0730;
				LastUpgradeCheck = 0730;
				ORGANIZATIONNAME = Fin;
				TargetAttributes = {
					065921691D1A5197002BBDE6 = {
						CreatedOnToolsVersion = 7.3;
					};
				};
			};
			buildConfigurationList = 065921651D1A5197002BBDE6 /* Build configuration list for PBXProject "FINPaperViewControllerExample" */;
			compatibilityVersion = "Xcode 3.2";
			developmentRegion = English;
			hasScannedForEncodings = 0;
			knownRegions = (
				en,
				Base,
			);
			mainGroup = 065921611D1A5197002BBDE6;
			productRefGroup = 0659216B1D1A5197002BBDE6 /* Products */;
			projectDirPath = "";
			projectRoot = "";
			targets = (
				065921691D1A5197002BBDE6 /* FINPaperViewControllerExample */,
			);
		};
/* End PBXProject section */

/* Begin PBXResourcesBuildPhase section */
		065921681D1A5197002BBDE6 /* Resources */ = {
			isa = PBXResourcesBuildPhase;
			buildActionMask = 2147483647;
			files = (
				06FE1CFE1D2A03F30030C60D /* SectionCoverNews@2x.jpg in Resources */,
				06FE1CF51D2A03F30030C60D /* SectionCoverFamily@2x.jpg in Resources */,
				06FE1CF81D2A03F30030C60D /* SectionCoverFunny@2x.jpg in Resources */,
				06FE1CFC1D2A03F30030C60D /* SectionCoverLens@2x.jpg in Resources */,
				06FE1CF61D2A03F30030C60D /* SectionCoverFeminist@2x.jpg in Resources */,
				06FE1D011D2A03F30030C60D /* SectionCoverStreet@2x.jpg in Resources */,
				06FE1CFF1D2A03F30030C60D /* SectionCoverScience@2x.jpg in Resources */,
				06FE1CF31D2A03F30030C60D /* SectionCoverDesign@2x.jpg in Resources */,
				06FE1CF11D2A03F30030C60D /* SectionCoverBusiness@2x.jpg in Resources */,
				06FE1CF71D2A03F30030C60D /* SectionCoverFoodie@2x.jpg in Resources */,
				06FE1CF91D2A03F30030C60D /* SectionCoverGirls@2x.jpg in Resources */,
				06FE1CF41D2A03F30030C60D /* SectionCoverEntertainment@2x.jpg in Resources */,
				06FE1CF21D2A03F30030C60D /* SectionCoverCute@2x.jpg in Resources */,
				065921781D1A5197002BBDE6 /* LaunchScreen.storyboard in Resources */,
				06FE1D031D2A03F30030C60D /* SectionCoverTechnology@2x.jpg in Resources */,
				06FE1D041D2A03F30030C60D /* SectionCoverTrending@2x.jpg in Resources */,
				065921751D1A5197002BBDE6 /* Assets.xcassets in Resources */,
				06FE1D021D2A03F30030C60D /* SectionCoverStyles@2x.jpg in Resources */,
				06FE1D061D2A1A000030C60D /* DefaultBackground@2x.png in Resources */,
				06FE1CF01D2A03F30030C60D /* Facebook.jpg in Resources */,
				06FE1CFA1D2A03F30030C60D /* SectionCoverHome@2x.jpg in Resources */,
				06FE1CFB1D2A03F30030C60D /* SectionCoverIdeas@2x.jpg in Resources */,
				06FE1CFD1D2A03F30030C60D /* SectionCoverLGBTQ@2x.jpg in Resources */,
				06FE1D001D2A03F30030C60D /* SectionCoverSports@2x.jpg in Resources */,
			);
			runOnlyForDeploymentPostprocessing = 0;
		};
/* End PBXResourcesBuildPhase section */

/* Begin PBXSourcesBuildPhase section */
		065921661D1A5197002BBDE6 /* Sources */ = {
			isa = PBXSourcesBuildPhase;
			buildActionMask = 2147483647;
			files = (
				063EB9F01D1A5A6900DEED77 /* FINRotationView.swift in Sources */,
				065921701D1A5197002BBDE6 /* ViewController.swift in Sources */,
				063EB9EE1D1A579500DEED77 /* FINPaperViewController.swift in Sources */,
				0659216E1D1A5197002BBDE6 /* AppDelegate.swift in Sources */,
			);
			runOnlyForDeploymentPostprocessing = 0;
		};
/* End PBXSourcesBuildPhase section */

/* Begin PBXVariantGroup section */
		065921761D1A5197002BBDE6 /* LaunchScreen.storyboard */ = {
			isa = PBXVariantGroup;
			children = (
				065921771D1A5197002BBDE6 /* Base */,
			);
			name = LaunchScreen.storyboard;
			sourceTree = "<group>";
		};
/* End PBXVariantGroup section */

/* Begin XCBuildConfiguration section */
		0659217A1D1A5197002BBDE6 /* Debug */ = {
			isa = XCBuildConfiguration;
			buildSettings = {
				ALWAYS_SEARCH_USER_PATHS = NO;
				CLANG_ANALYZER_NONNULL = YES;
				CLANG_CXX_LANGUAGE_STANDARD = "gnu++0x";
				CLANG_CXX_LIBRARY = "libc++";
				CLANG_ENABLE_MODULES = YES;
				CLANG_ENABLE_OBJC_ARC = YES;
				CLANG_WARN_BOOL_CONVERSION = YES;
				CLANG_WARN_CONSTANT_CONVERSION = YES;
				CLANG_WARN_DIRECT_OBJC_ISA_USAGE = YES_ERROR;
				CLANG_WARN_EMPTY_BODY = YES;
				CLANG_WARN_ENUM_CONVERSION = YES;
				CLANG_WARN_INT_CONVERSION = YES;
				CLANG_WARN_OBJC_ROOT_CLASS = YES_ERROR;
				CLANG_WARN_UNREACHABLE_CODE = YES;
				CLANG_WARN__DUPLICATE_METHOD_MATCH = YES;
				"CODE_SIGN_IDENTITY[sdk=iphoneos*]" = "iPhone Developer";
				COPY_PHASE_STRIP = NO;
				DEBUG_INFORMATION_FORMAT = dwarf;
				ENABLE_STRICT_OBJC_MSGSEND = YES;
				ENABLE_TESTABILITY = YES;
				GCC_C_LANGUAGE_STANDARD = gnu99;
				GCC_DYNAMIC_NO_PIC = NO;
				GCC_NO_COMMON_BLOCKS = YES;
				GCC_OPTIMIZATION_LEVEL = 0;
				GCC_PREPROCESSOR_DEFINITIONS = (
					"DEBUG=1",
					"$(inherited)",
				);
				GCC_WARN_64_TO_32_BIT_CONVERSION = YES;
				GCC_WARN_ABOUT_RETURN_TYPE = YES_ERROR;
				GCC_WARN_UNDECLARED_SELECTOR = YES;
				GCC_WARN_UNINITIALIZED_AUTOS = YES_AGGRESSIVE;
				GCC_WARN_UNUSED_FUNCTION = YES;
				GCC_WARN_UNUSED_VARIABLE = YES;
				IPHONEOS_DEPLOYMENT_TARGET = 9.3;
				MTL_ENABLE_DEBUG_INFO = YES;
				ONLY_ACTIVE_ARCH = YES;
				SDKROOT = iphoneos;
				SWIFT_OPTIMIZATION_LEVEL = "-Onone";
				TARGETED_DEVICE_FAMILY = "1,2";
			};
			name = Debug;
		};
		0659217B1D1A5197002BBDE6 /* Release */ = {
			isa = XCBuildConfiguration;
			buildSettings = {
				ALWAYS_SEARCH_USER_PATHS = NO;
				CLANG_ANALYZER_NONNULL = YES;
				CLANG_CXX_LANGUAGE_STANDARD = "gnu++0x";
				CLANG_CXX_LIBRARY = "libc++";
				CLANG_ENABLE_MODULES = YES;
				CLANG_ENABLE_OBJC_ARC = YES;
				CLANG_WARN_BOOL_CONVERSION = YES;
				CLANG_WARN_CONSTANT_CONVERSION = YES;
				CLANG_WARN_DIRECT_OBJC_ISA_USAGE = YES_ERROR;
				CLANG_WARN_EMPTY_BODY = YES;
				CLANG_WARN_ENUM_CONVERSION = YES;
				CLANG_WARN_INT_CONVERSION = YES;
				CLANG_WARN_OBJC_ROOT_CLASS = YES_ERROR;
				CLANG_WARN_UNREACHABLE_CODE = YES;
				CLANG_WARN__DUPLICATE_METHOD_MATCH = YES;
				"CODE_SIGN_IDENTITY[sdk=iphoneos*]" = "iPhone Developer";
				COPY_PHASE_STRIP = NO;
				DEBUG_INFORMATION_FORMAT = "dwarf-with-dsym";
				ENABLE_NS_ASSERTIONS = NO;
				ENABLE_STRICT_OBJC_MSGSEND = YES;
				GCC_C_LANGUAGE_STANDARD = gnu99;
				GCC_NO_COMMON_BLOCKS = YES;
				GCC_WARN_64_TO_32_BIT_CONVERSION = YES;
				GCC_WARN_ABOUT_RETURN_TYPE = YES_ERROR;
				GCC_WARN_UNDECLARED_SELECTOR = YES;
				GCC_WARN_UNINITIALIZED_AUTOS = YES_AGGRESSIVE;
				GCC_WARN_UNUSED_FUNCTION = YES;
				GCC_WARN_UNUSED_VARIABLE = YES;
				IPHONEOS_DEPLOYMENT_TARGET = 9.3;
				MTL_ENABLE_DEBUG_INFO = NO;
				SDKROOT = iphoneos;
				TARGETED_DEVICE_FAMILY = "1,2";
				VALIDATE_PRODUCT = YES;
			};
			name = Release;
		};
		0659217D1D1A5197002BBDE6 /* Debug */ = {
			isa = XCBuildConfiguration;
			buildSettings = {
				ASSETCATALOG_COMPILER_APPICON_NAME = AppIcon;
				INFOPLIST_FILE = FINPaperViewControllerExample/Info.plist;
				LD_RUNPATH_SEARCH_PATHS = "$(inherited) @executable_path/Frameworks";
				PRODUCT_BUNDLE_IDENTIFIER = me.fin.FINPaperViewControllerExample;
				PRODUCT_NAME = "$(TARGET_NAME)";
			};
			name = Debug;
		};
		0659217E1D1A5197002BBDE6 /* Release */ = {
			isa = XCBuildConfiguration;
			buildSettings = {
				ASSETCATALOG_COMPILER_APPICON_NAME = AppIcon;
				INFOPLIST_FILE = FINPaperViewControllerExample/Info.plist;
				LD_RUNPATH_SEARCH_PATHS = "$(inherited) @executable_path/Frameworks";
				PRODUCT_BUNDLE_IDENTIFIER = me.fin.FINPaperViewControllerExample;
				PRODUCT_NAME = "$(TARGET_NAME)";
			};
			name = Release;
		};
/* End XCBuildConfiguration section */

/* Begin XCConfigurationList section */
		065921651D1A5197002BBDE6 /* Build configuration list for PBXProject "FINPaperViewControllerExample" */ = {
			isa = XCConfigurationList;
			buildConfigurations = (
				0659217A1D1A5197002BBDE6 /* Debug */,
				0659217B1D1A5197002BBDE6 /* Release */,
			);
			defaultConfigurationIsVisible = 0;
			defaultConfigurationName = Release;
		};
		0659217C1D1A5197002BBDE6 /* Build configuration list for PBXNativeTarget "FINPaperViewControllerExample" */ = {
			isa = XCConfigurationList;
			buildConfigurations = (
				0659217D1D1A5197002BBDE6 /* Debug */,
				0659217E1D1A5197002BBDE6 /* Release */,
			);
			defaultConfigurationIsVisible = 0;
			defaultConfigurationName = Release;
		};
/* End XCConfigurationList section */
	};
	rootObject = 065921621D1A5197002BBDE6 /* Project object */;
}
